
Microsoft Visual Studio Solution File, Format Version 12.00
# Visual Studio Version 17
VisualStudioVersion = 17.4.33110.190
MinimumVisualStudioVersion = 10.0.40219.1
Project("{9A19103F-16F7-4668-BE54-9A1E7A4F7556}") = "Punica.Bp", "src\Punica.Bp\Punica.Bp.csproj", "{A75F44CD-7952-4660-AC13-10DF68414823}"
EndProject
Project("{9A19103F-16F7-4668-BE54-9A1E7A4F7556}") = "Punica", "src\Punica\Punica.csproj", "{C46F76E4-2D43-4ED6-BB83-1376C2323ED4}"
EndProject
Project("{9A19103F-16F7-4668-BE54-9A1E7A4F7556}") = "Punica.Bp.Ddd.Domain", "src\Punica.Bp.Ddd.Domain\Punica.Bp.Ddd.Domain.csproj", "{2C3D3C67-CD92-4619-8322-62A404F67B51}"
EndProject
Project("{9A19103F-16F7-4668-BE54-9A1E7A4F7556}") = "Punica.Bp.Auditing", "src\Punica.Bp.Auditing\Punica.Bp.Auditing.csproj", "{2B695951-7470-4C90-9826-DC9D3E518D29}"
EndProject
Project("{9A19103F-16F7-4668-BE54-9A1E7A4F7556}") = "Punica.Bp.EFCore", "src\Punica.Bp.EFCore\Punica.Bp.EFCore.csproj", "{DAD1E833-F6FF-47FB-A0E7-BEBD43416AD8}"
EndProject
Project("{9A19103F-16F7-4668-BE54-9A1E7A4F7556}") = "Punica.Bp.Core", "src\Punica.Bp.Core\Punica.Bp.Core.csproj", "{4C5DFB65-76C1-4FC4-9042-A244BF9094BF}"
EndProject
Project("{2150E333-8FDC-42A3-9474-1A3956D46DE8}") = "src", "src", "{6E5DD82A-8835-41DC-A5EE-4219BEE7B80C}"
EndProject
Project("{2150E333-8FDC-42A3-9474-1A3956D46DE8}") = "test", "test", "{4D2181F3-A671-4278-B79E-5239A7D5B5A0}"
EndProject
Project("{9A19103F-16F7-4668-BE54-9A1E7A4F7556}") = "Punica.Bp.Auditing.Tests", "test\Punica.Bp.Auditing.Tests\Punica.Bp.Auditing.Tests.csproj", "{3B697091-CB0E-4606-A38D-89A022E3E848}"
EndProject
Project("{9A19103F-16F7-4668-BE54-9A1E7A4F7556}") = "Punica.Tests", "test\Punica.Tests\Punica.Tests.csproj", "{94C41D3B-7FEE-4816-8CF5-13728B87AB15}"
EndProject
Project("{9A19103F-16F7-4668-BE54-9A1E7A4F7556}") = "Punica.Bp.Auditing.EFCore", "src\Punica.Bp.Auditing.EFCore\Punica.Bp.Auditing.EFCore.csproj", "{80BA2491-2054-4F2C-AC11-E6C3A255A749}"
EndProject
Project("{9A19103F-16F7-4668-BE54-9A1E7A4F7556}") = "Punica.Bp.Ddd.EFCore", "src\Punica.Bp.Ddd.EFCore\Punica.Bp.Ddd.EFCore.csproj", "{DCFCA6DC-CD16-471B-9FDC-80B2B1B82261}"
EndProject
Project("{9A19103F-16F7-4668-BE54-9A1E7A4F7556}") = "Punica.Bp.EventBus", "src\Punica.Bp.EventBus\Punica.Bp.EventBus.csproj", "{A90DE85E-88A3-42B9-B075-667FA8122475}"
EndProject
Project("{9A19103F-16F7-4668-BE54-9A1E7A4F7556}") = "Punica.Bp.MultiTenancy", "src\Punica.Bp.MultiTenancy\Punica.Bp.MultiTenancy.csproj", "{74D4D306-683E-4527-A3AC-285621CF812C}"
EndProject
Project("{9A19103F-16F7-4668-BE54-9A1E7A4F7556}") = "Punica.Bp.MultiTenancy.EFCore", "src\Punica.Bp.MultiTenancy.EFCore\Punica.Bp.MultiTenancy.EFCore.csproj", "{70A59F05-6841-4E64-A724-2A3582ABE180}"
EndProject
Project("{2150E333-8FDC-42A3-9474-1A3956D46DE8}") = "sample", "sample", "{27B52C05-D5C5-4802-8C8E-49FE4223F851}"
EndProject
Project("{9A19103F-16F7-4668-BE54-9A1E7A4F7556}") = "Sample.Api", "sample\Sample.Api\Sample.Api.csproj", "{2AE2B58F-9031-4A48-BD4C-C937AA26963F}"
EndProject
Project("{9A19103F-16F7-4668-BE54-9A1E7A4F7556}") = "Sample.Domain", "sample\Sample.Domain\Sample.Domain.csproj", "{B7130B32-9BD5-4680-A9CC-72C0CA1723BE}"
EndProject
Project("{9A19103F-16F7-4668-BE54-9A1E7A4F7556}") = "Sample.Infrastructure", "sample\Sample.Infrastructure\Sample.Infrastructure.csproj", "{F35819B3-375D-47E8-9795-7A6016960D89}"
EndProject
Project("{9A19103F-16F7-4668-BE54-9A1E7A4F7556}") = "Sample.Application", "sample\Sample.Application\Sample.Application.csproj", "{135A847D-74FF-4E93-A5A0-0934921A54D1}"
EndProject
Project("{9A19103F-16F7-4668-BE54-9A1E7A4F7556}") = "Punica.Bp.CQRS", "src\Punica.Bp.CQRS\Punica.Bp.CQRS.csproj", "{1950C1AC-D0C5-4FC6-9E20-E7C4021BA85F}"
EndProject
Project("{9A19103F-16F7-4668-BE54-9A1E7A4F7556}") = "Punica.Bp.CQRS.Tests", "test\Punica.Bp.CQRS.Tests\Punica.Bp.CQRS.Tests.csproj", "{F289463C-07B1-4CEC-8D76-B6931FF18620}"
EndProject
Project("{9A19103F-16F7-4668-BE54-9A1E7A4F7556}") = "Punica.Extensions.DependencyInjection", "src\Punica.Extensions.DependencyInjection\Punica.Extensions.DependencyInjection.csproj", "{01F54315-76CF-497F-A9FA-CA5E416C712E}"
EndProject
Project("{9A19103F-16F7-4668-BE54-9A1E7A4F7556}") = "Punica.Extensions.DependencyInjection.Tests", "test\Punica.Extensions.DependencyInjection.Tests\Punica.Extensions.DependencyInjection.Tests.csproj", "{F16F4A8F-0C67-401E-A868-8D17688467BF}"
EndProject
Project("{9A19103F-16F7-4668-BE54-9A1E7A4F7556}") = "Punica.Bp.Application", "src\Punica.Bp.Application\Punica.Bp.Application.csproj", "{F6C78235-DA8E-4F9E-B586-7825DCBEFA7B}"
EndProject
Project("{9A19103F-16F7-4668-BE54-9A1E7A4F7556}") = "Punica.Bp.Application.EFCore", "src\Punica.Bp.Application.EFCore\Punica.Bp.Application.EFCore.csproj", "{F5C7D8E0-A559-4862-ADF8-1FB4EAAFEABA}"
EndProject
Project("{9A19103F-16F7-4668-BE54-9A1E7A4F7556}") = "ExpressionDynamicTest", "sample\ExpressionDynamicTest\ExpressionDynamicTest.csproj", "{87DEB432-E6F4-4808-9D32-2AB9F19A5557}"
EndProject
Project("{2150E333-8FDC-42A3-9474-1A3956D46DE8}") = "Solution Items", "Solution Items", "{324587E0-9655-482A-BE7E-495F3C2AAE75}"
	ProjectSection(SolutionItems) = preProject
		.editorconfig = .editorconfig
	EndProjectSection
EndProject
Project("{FAE04EC0-301F-11D3-BF4B-00C04F79EFBC}") = "Punica.Performance.Tests", "test\Punica.Performance.Tests\Punica.Performance.Tests.csproj", "{9C764C7E-5A83-4E8A-A603-392BCDDA8870}"
EndProject
Global
	GlobalSection(SolutionConfigurationPlatforms) = preSolution
		Debug|Any CPU = Debug|Any CPU
		Release|Any CPU = Release|Any CPU
	EndGlobalSection
	GlobalSection(ProjectConfigurationPlatforms) = postSolution
		{A75F44CD-7952-4660-AC13-10DF68414823}.Debug|Any CPU.ActiveCfg = Debug|Any CPU
		{A75F44CD-7952-4660-AC13-10DF68414823}.Debug|Any CPU.Build.0 = Debug|Any CPU
		{A75F44CD-7952-4660-AC13-10DF68414823}.Release|Any CPU.ActiveCfg = Release|Any CPU
		{A75F44CD-7952-4660-AC13-10DF68414823}.Release|Any CPU.Build.0 = Release|Any CPU
		{C46F76E4-2D43-4ED6-BB83-1376C2323ED4}.Debug|Any CPU.ActiveCfg = Debug|Any CPU
		{C46F76E4-2D43-4ED6-BB83-1376C2323ED4}.Debug|Any CPU.Build.0 = Debug|Any CPU
		{C46F76E4-2D43-4ED6-BB83-1376C2323ED4}.Release|Any CPU.ActiveCfg = Release|Any CPU
		{C46F76E4-2D43-4ED6-BB83-1376C2323ED4}.Release|Any CPU.Build.0 = Release|Any CPU
		{2C3D3C67-CD92-4619-8322-62A404F67B51}.Debug|Any CPU.ActiveCfg = Debug|Any CPU
		{2C3D3C67-CD92-4619-8322-62A404F67B51}.Debug|Any CPU.Build.0 = Debug|Any CPU
		{2C3D3C67-CD92-4619-8322-62A404F67B51}.Release|Any CPU.ActiveCfg = Release|Any CPU
		{2C3D3C67-CD92-4619-8322-62A404F67B51}.Release|Any CPU.Build.0 = Release|Any CPU
		{2B695951-7470-4C90-9826-DC9D3E518D29}.Debug|Any CPU.ActiveCfg = Debug|Any CPU
		{2B695951-7470-4C90-9826-DC9D3E518D29}.Debug|Any CPU.Build.0 = Debug|Any CPU
		{2B695951-7470-4C90-9826-DC9D3E518D29}.Release|Any CPU.ActiveCfg = Release|Any CPU
		{2B695951-7470-4C90-9826-DC9D3E518D29}.Release|Any CPU.Build.0 = Release|Any CPU
		{DAD1E833-F6FF-47FB-A0E7-BEBD43416AD8}.Debug|Any CPU.ActiveCfg = Debug|Any CPU
		{DAD1E833-F6FF-47FB-A0E7-BEBD43416AD8}.Debug|Any CPU.Build.0 = Debug|Any CPU
		{DAD1E833-F6FF-47FB-A0E7-BEBD43416AD8}.Release|Any CPU.ActiveCfg = Release|Any CPU
		{DAD1E833-F6FF-47FB-A0E7-BEBD43416AD8}.Release|Any CPU.Build.0 = Release|Any CPU
		{4C5DFB65-76C1-4FC4-9042-A244BF9094BF}.Debug|Any CPU.ActiveCfg = Debug|Any CPU
		{4C5DFB65-76C1-4FC4-9042-A244BF9094BF}.Debug|Any CPU.Build.0 = Debug|Any CPU
		{4C5DFB65-76C1-4FC4-9042-A244BF9094BF}.Release|Any CPU.ActiveCfg = Release|Any CPU
		{4C5DFB65-76C1-4FC4-9042-A244BF9094BF}.Release|Any CPU.Build.0 = Release|Any CPU
		{3B697091-CB0E-4606-A38D-89A022E3E848}.Debug|Any CPU.ActiveCfg = Debug|Any CPU
		{3B697091-CB0E-4606-A38D-89A022E3E848}.Debug|Any CPU.Build.0 = Debug|Any CPU
		{3B697091-CB0E-4606-A38D-89A022E3E848}.Release|Any CPU.ActiveCfg = Release|Any CPU
		{3B697091-CB0E-4606-A38D-89A022E3E848}.Release|Any CPU.Build.0 = Release|Any CPU
		{94C41D3B-7FEE-4816-8CF5-13728B87AB15}.Debug|Any CPU.ActiveCfg = Debug|Any CPU
		{94C41D3B-7FEE-4816-8CF5-13728B87AB15}.Debug|Any CPU.Build.0 = Debug|Any CPU
		{94C41D3B-7FEE-4816-8CF5-13728B87AB15}.Release|Any CPU.ActiveCfg = Release|Any CPU
		{94C41D3B-7FEE-4816-8CF5-13728B87AB15}.Release|Any CPU.Build.0 = Release|Any CPU
		{80BA2491-2054-4F2C-AC11-E6C3A255A749}.Debug|Any CPU.ActiveCfg = Debug|Any CPU
		{80BA2491-2054-4F2C-AC11-E6C3A255A749}.Debug|Any CPU.Build.0 = Debug|Any CPU
		{80BA2491-2054-4F2C-AC11-E6C3A255A749}.Release|Any CPU.ActiveCfg = Release|Any CPU
		{80BA2491-2054-4F2C-AC11-E6C3A255A749}.Release|Any CPU.Build.0 = Release|Any CPU
		{DCFCA6DC-CD16-471B-9FDC-80B2B1B82261}.Debug|Any CPU.ActiveCfg = Debug|Any CPU
		{DCFCA6DC-CD16-471B-9FDC-80B2B1B82261}.Debug|Any CPU.Build.0 = Debug|Any CPU
		{DCFCA6DC-CD16-471B-9FDC-80B2B1B82261}.Release|Any CPU.ActiveCfg = Release|Any CPU
		{DCFCA6DC-CD16-471B-9FDC-80B2B1B82261}.Release|Any CPU.Build.0 = Release|Any CPU
		{A90DE85E-88A3-42B9-B075-667FA8122475}.Debug|Any CPU.ActiveCfg = Debug|Any CPU
		{A90DE85E-88A3-42B9-B075-667FA8122475}.Debug|Any CPU.Build.0 = Debug|Any CPU
		{A90DE85E-88A3-42B9-B075-667FA8122475}.Release|Any CPU.ActiveCfg = Release|Any CPU
		{A90DE85E-88A3-42B9-B075-667FA8122475}.Release|Any CPU.Build.0 = Release|Any CPU
		{74D4D306-683E-4527-A3AC-285621CF812C}.Debug|Any CPU.ActiveCfg = Debug|Any CPU
		{74D4D306-683E-4527-A3AC-285621CF812C}.Debug|Any CPU.Build.0 = Debug|Any CPU
		{74D4D306-683E-4527-A3AC-285621CF812C}.Release|Any CPU.ActiveCfg = Release|Any CPU
		{74D4D306-683E-4527-A3AC-285621CF812C}.Release|Any CPU.Build.0 = Release|Any CPU
		{70A59F05-6841-4E64-A724-2A3582ABE180}.Debug|Any CPU.ActiveCfg = Debug|Any CPU
		{70A59F05-6841-4E64-A724-2A3582ABE180}.Debug|Any CPU.Build.0 = Debug|Any CPU
		{70A59F05-6841-4E64-A724-2A3582ABE180}.Release|Any CPU.ActiveCfg = Release|Any CPU
		{70A59F05-6841-4E64-A724-2A3582ABE180}.Release|Any CPU.Build.0 = Release|Any CPU
		{2AE2B58F-9031-4A48-BD4C-C937AA26963F}.Debug|Any CPU.ActiveCfg = Debug|Any CPU
		{2AE2B58F-9031-4A48-BD4C-C937AA26963F}.Debug|Any CPU.Build.0 = Debug|Any CPU
		{2AE2B58F-9031-4A48-BD4C-C937AA26963F}.Release|Any CPU.ActiveCfg = Release|Any CPU
		{2AE2B58F-9031-4A48-BD4C-C937AA26963F}.Release|Any CPU.Build.0 = Release|Any CPU
		{B7130B32-9BD5-4680-A9CC-72C0CA1723BE}.Debug|Any CPU.ActiveCfg = Debug|Any CPU
		{B7130B32-9BD5-4680-A9CC-72C0CA1723BE}.Debug|Any CPU.Build.0 = Debug|Any CPU
		{B7130B32-9BD5-4680-A9CC-72C0CA1723BE}.Release|Any CPU.ActiveCfg = Release|Any CPU
		{B7130B32-9BD5-4680-A9CC-72C0CA1723BE}.Release|Any CPU.Build.0 = Release|Any CPU
		{F35819B3-375D-47E8-9795-7A6016960D89}.Debug|Any CPU.ActiveCfg = Debug|Any CPU
		{F35819B3-375D-47E8-9795-7A6016960D89}.Debug|Any CPU.Build.0 = Debug|Any CPU
		{F35819B3-375D-47E8-9795-7A6016960D89}.Release|Any CPU.ActiveCfg = Release|Any CPU
		{F35819B3-375D-47E8-9795-7A6016960D89}.Release|Any CPU.Build.0 = Release|Any CPU
		{135A847D-74FF-4E93-A5A0-0934921A54D1}.Debug|Any CPU.ActiveCfg = Debug|Any CPU
		{135A847D-74FF-4E93-A5A0-0934921A54D1}.Debug|Any CPU.Build.0 = Debug|Any CPU
		{135A847D-74FF-4E93-A5A0-0934921A54D1}.Release|Any CPU.ActiveCfg = Release|Any CPU
		{135A847D-74FF-4E93-A5A0-0934921A54D1}.Release|Any CPU.Build.0 = Release|Any CPU
		{1950C1AC-D0C5-4FC6-9E20-E7C4021BA85F}.Debug|Any CPU.ActiveCfg = Debug|Any CPU
		{1950C1AC-D0C5-4FC6-9E20-E7C4021BA85F}.Debug|Any CPU.Build.0 = Debug|Any CPU
		{1950C1AC-D0C5-4FC6-9E20-E7C4021BA85F}.Release|Any CPU.ActiveCfg = Release|Any CPU
		{1950C1AC-D0C5-4FC6-9E20-E7C4021BA85F}.Release|Any CPU.Build.0 = Release|Any CPU
		{F289463C-07B1-4CEC-8D76-B6931FF18620}.Debug|Any CPU.ActiveCfg = Debug|Any CPU
		{F289463C-07B1-4CEC-8D76-B6931FF18620}.Debug|Any CPU.Build.0 = Debug|Any CPU
		{F289463C-07B1-4CEC-8D76-B6931FF18620}.Release|Any CPU.ActiveCfg = Release|Any CPU
		{F289463C-07B1-4CEC-8D76-B6931FF18620}.Release|Any CPU.Build.0 = Release|Any CPU
		{01F54315-76CF-497F-A9FA-CA5E416C712E}.Debug|Any CPU.ActiveCfg = Debug|Any CPU
		{01F54315-76CF-497F-A9FA-CA5E416C712E}.Debug|Any CPU.Build.0 = Debug|Any CPU
		{01F54315-76CF-497F-A9FA-CA5E416C712E}.Release|Any CPU.ActiveCfg = Release|Any CPU
		{01F54315-76CF-497F-A9FA-CA5E416C712E}.Release|Any CPU.Build.0 = Release|Any CPU
		{F16F4A8F-0C67-401E-A868-8D17688467BF}.Debug|Any CPU.ActiveCfg = Debug|Any CPU
		{F16F4A8F-0C67-401E-A868-8D17688467BF}.Debug|Any CPU.Build.0 = Debug|Any CPU
		{F16F4A8F-0C67-401E-A868-8D17688467BF}.Release|Any CPU.ActiveCfg = Release|Any CPU
		{F16F4A8F-0C67-401E-A868-8D17688467BF}.Release|Any CPU.Build.0 = Release|Any CPU
		{F6C78235-DA8E-4F9E-B586-7825DCBEFA7B}.Debug|Any CPU.ActiveCfg = Debug|Any CPU
		{F6C78235-DA8E-4F9E-B586-7825DCBEFA7B}.Debug|Any CPU.Build.0 = Debug|Any CPU
		{F6C78235-DA8E-4F9E-B586-7825DCBEFA7B}.Release|Any CPU.ActiveCfg = Release|Any CPU
		{F6C78235-DA8E-4F9E-B586-7825DCBEFA7B}.Release|Any CPU.Build.0 = Release|Any CPU
		{F5C7D8E0-A559-4862-ADF8-1FB4EAAFEABA}.Debug|Any CPU.ActiveCfg = Debug|Any CPU
		{F5C7D8E0-A559-4862-ADF8-1FB4EAAFEABA}.Debug|Any CPU.Build.0 = Debug|Any CPU
		{F5C7D8E0-A559-4862-ADF8-1FB4EAAFEABA}.Release|Any CPU.ActiveCfg = Release|Any CPU
		{F5C7D8E0-A559-4862-ADF8-1FB4EAAFEABA}.Release|Any CPU.Build.0 = Release|Any CPU
		{87DEB432-E6F4-4808-9D32-2AB9F19A5557}.Debug|Any CPU.ActiveCfg = Debug|Any CPU
		{87DEB432-E6F4-4808-9D32-2AB9F19A5557}.Debug|Any CPU.Build.0 = Debug|Any CPU
		{87DEB432-E6F4-4808-9D32-2AB9F19A5557}.Release|Any CPU.ActiveCfg = Release|Any CPU
		{87DEB432-E6F4-4808-9D32-2AB9F19A5557}.Release|Any CPU.Build.0 = Release|Any CPU
		{9C764C7E-5A83-4E8A-A603-392BCDDA8870}.Debug|Any CPU.ActiveCfg = Debug|Any CPU
		{9C764C7E-5A83-4E8A-A603-392BCDDA8870}.Debug|Any CPU.Build.0 = Debug|Any CPU
		{9C764C7E-5A83-4E8A-A603-392BCDDA8870}.Release|Any CPU.ActiveCfg = Release|Any CPU
		{9C764C7E-5A83-4E8A-A603-392BCDDA8870}.Release|Any CPU.Build.0 = Release|Any CPU
	EndGlobalSection
	GlobalSection(SolutionProperties) = preSolution
		HideSolutionNode = FALSE
	EndGlobalSection
	GlobalSection(NestedProjects) = preSolution
		{A75F44CD-7952-4660-AC13-10DF68414823} = {6E5DD82A-8835-41DC-A5EE-4219BEE7B80C}
		{C46F76E4-2D43-4ED6-BB83-1376C2323ED4} = {6E5DD82A-8835-41DC-A5EE-4219BEE7B80C}
		{2C3D3C67-CD92-4619-8322-62A404F67B51} = {6E5DD82A-8835-41DC-A5EE-4219BEE7B80C}
		{2B695951-7470-4C90-9826-DC9D3E518D29} = {6E5DD82A-8835-41DC-A5EE-4219BEE7B80C}
		{DAD1E833-F6FF-47FB-A0E7-BEBD43416AD8} = {6E5DD82A-8835-41DC-A5EE-4219BEE7B80C}
		{4C5DFB65-76C1-4FC4-9042-A244BF9094BF} = {6E5DD82A-8835-41DC-A5EE-4219BEE7B80C}
		{3B697091-CB0E-4606-A38D-89A022E3E848} = {4D2181F3-A671-4278-B79E-5239A7D5B5A0}
		{94C41D3B-7FEE-4816-8CF5-13728B87AB15} = {4D2181F3-A671-4278-B79E-5239A7D5B5A0}
		{80BA2491-2054-4F2C-AC11-E6C3A255A749} = {6E5DD82A-8835-41DC-A5EE-4219BEE7B80C}
		{DCFCA6DC-CD16-471B-9FDC-80B2B1B82261} = {6E5DD82A-8835-41DC-A5EE-4219BEE7B80C}
		{A90DE85E-88A3-42B9-B075-667FA8122475} = {6E5DD82A-8835-41DC-A5EE-4219BEE7B80C}
		{74D4D306-683E-4527-A3AC-285621CF812C} = {6E5DD82A-8835-41DC-A5EE-4219BEE7B80C}
		{70A59F05-6841-4E64-A724-2A3582ABE180} = {6E5DD82A-8835-41DC-A5EE-4219BEE7B80C}
		{2AE2B58F-9031-4A48-BD4C-C937AA26963F} = {27B52C05-D5C5-4802-8C8E-49FE4223F851}
		{B7130B32-9BD5-4680-A9CC-72C0CA1723BE} = {27B52C05-D5C5-4802-8C8E-49FE4223F851}
		{F35819B3-375D-47E8-9795-7A6016960D89} = {27B52C05-D5C5-4802-8C8E-49FE4223F851}
		{135A847D-74FF-4E93-A5A0-0934921A54D1} = {27B52C05-D5C5-4802-8C8E-49FE4223F851}
		{1950C1AC-D0C5-4FC6-9E20-E7C4021BA85F} = {6E5DD82A-8835-41DC-A5EE-4219BEE7B80C}
		{F289463C-07B1-4CEC-8D76-B6931FF18620} = {4D2181F3-A671-4278-B79E-5239A7D5B5A0}
		{01F54315-76CF-497F-A9FA-CA5E416C712E} = {6E5DD82A-8835-41DC-A5EE-4219BEE7B80C}
		{F16F4A8F-0C67-401E-A868-8D17688467BF} = {4D2181F3-A671-4278-B79E-5239A7D5B5A0}
		{F6C78235-DA8E-4F9E-B586-7825DCBEFA7B} = {6E5DD82A-8835-41DC-A5EE-4219BEE7B80C}
		{F5C7D8E0-A559-4862-ADF8-1FB4EAAFEABA} = {6E5DD82A-8835-41DC-A5EE-4219BEE7B80C}
		{87DEB432-E6F4-4808-9D32-2AB9F19A5557} = {27B52C05-D5C5-4802-8C8E-49FE4223F851}
		{9C764C7E-5A83-4E8A-A603-392BCDDA8870} = {4D2181F3-A671-4278-B79E-5239A7D5B5A0}
	EndGlobalSection
	GlobalSection(ExtensibilityGlobals) = postSolution
		SolutionGuid = {B8B2037F-7F32-4DBA-B5B8-B6817F7677E0}
	EndGlobalSection
EndGlobal
